{
  "name": "focus-outside",
  "version": "0.0.1",
  "lockfileVersion": 1,
  "requires": true,
  "dependencies": {
    "lodash.debounce": {
      "version": "4.0.8",
      "resolved": "https://registry.npmjs.org/lodash.debounce/-/lodash.debounce-4.0.8.tgz",
      "integrity": "sha1-gteb/zCmfEAF/9XiUVMArZyk168="
    },
    "rollup": {
      "version": "0.51.7",
      "resolved": "https://registry.npmjs.org/rollup/-/rollup-0.51.7.tgz",
      "integrity": "sha512-QOdK6Z+MznqYpvrw82IsjOdUwAU2b8DGe4TIrExUdp6HlyX3QTUuUt/0YcrJBHxUuY5X9uFXNmwxC4FkW9qYuA==",
      "dev": true
    }
  }
}
